
Microsoft Visual Studio Solution File, Format Version 12.00
# Visual Studio Version 17
VisualStudioVersion = 17.4.33122.133
MinimumVisualStudioVersion = 10.0.40219.1
Project("{FAE04EC0-301F-11D3-BF4B-00C04F79EFBC}") = "DotnetDevsApi", "DotnetDevsApi.csproj", "{A68A9EFD-FF40-4736-A97F-AB8583F89422}"
EndProject
Global
	GlobalSection(SolutionConfigurationPlatforms) = preSolution
		Debug|Any CPU = Debug|Any CPU
		Release|Any CPU = Release|Any CPU
	EndGlobalSection
	GlobalSection(ProjectConfigurationPlatforms) = postSolution
		{A68A9EFD-FF40-4736-A97F-AB8583F89422}.Debug|Any CPU.ActiveCfg = Debug|Any CPU
		{A68A9EFD-FF40-4736-A97F-AB8583F89422}.Debug|Any CPU.Build.0 = Debug|Any CPU
		{A68A9EFD-FF40-4736-A97F-AB8583F89422}.Release|Any CPU.ActiveCfg = Release|Any CPU
		{A68A9EFD-FF40-4736-A97F-AB8583F89422}.Release|Any CPU.Build.0 = Release|Any CPU
	EndGlobalSection
	GlobalSection(SolutionProperties) = preSolution
		HideSolutionNode = FALSE
	EndGlobalSection
	GlobalSection(ExtensibilityGlobals) = postSolution
		SolutionGuid = {2D76D365-C89B-4A5A-B20F-006D4529F39A}
	EndGlobalSection
EndGlobal
